
Microsoft Visual Studio Solution File, Format Version 12.00
# Visual Studio Version 16
VisualStudioVersion = 16.0.31911.196
MinimumVisualStudioVersion = 10.0.40219.1
Project("{FAE04EC0-301F-11D3-BF4B-00C04F79EFBC}") = "FritidsTjanser", "FritidsTjanser\FritidsTjanser.csproj", "{3F47AD62-0D8F-48D2-B575-5C0391290C63}"
EndProject
Global
	GlobalSection(SolutionConfigurationPlatforms) = preSolution
		Debug|Any CPU = Debug|Any CPU
		Release|Any CPU = Release|Any CPU
	EndGlobalSection
	GlobalSection(ProjectConfigurationPlatforms) = postSolution
		{3F47AD62-0D8F-48D2-B575-5C0391290C63}.Debug|Any CPU.ActiveCfg = Debug|Any CPU
		{3F47AD62-0D8F-48D2-B575-5C0391290C63}.Debug|Any CPU.Build.0 = Debug|Any CPU
		{3F47AD62-0D8F-48D2-B575-5C0391290C63}.Release|Any CPU.ActiveCfg = Release|Any CPU
		{3F47AD62-0D8F-48D2-B575-5C0391290C63}.Release|Any CPU.Build.0 = Release|Any CPU
	EndGlobalSection
	GlobalSection(SolutionProperties) = preSolution
		HideSolutionNode = FALSE
	EndGlobalSection
	GlobalSection(ExtensibilityGlobals) = postSolution
		SolutionGuid = {E5C80762-226B-4CBF-A043-CD1AD8C3D377}
	EndGlobalSection
EndGlobal
